{
    "name": "node-red-contrib-apn",
    "version": "1.0.0",
    "lockfileVersion": 1,
    "requires": true,
    "dependencies": {
        "apn": {
            "version": "1.7.5",
            "resolved": "https://registry.npmjs.org/apn/-/apn-1.7.5.tgz",
            "integrity": "sha1-7N6lYre/gx65Lw+KKisDd2SJEmo=",
            "requires": {
                "debug": "^2.2.0",
                "node-forge": "^0.6.20",
                "q": "^1.1.0"
            }
        },
        "debug": {
            "version": "2.6.9",
            "resolved": "https://registry.npmjs.org/debug/-/debug-2.6.9.tgz",
            "integrity": "sha512-bC7ElrdJaJnPbAP+1EotYvqZsb3ecl5wi6Bfi6BJTUcNowp6cvspg0jXznRTKDjm/E7AdgFBVeAPVMNcKGsHMA==",
            "requires": {
                "ms": "2.0.0"
            }
        },
        "ms": {
            "version": "2.0.0",
            "resolved": "https://registry.npmjs.org/ms/-/ms-2.0.0.tgz",
            "integrity": "sha1-VgiurfwAvmwpAd9fmGF4jeDVl8g="
        },
        "node-forge": {
            "version": "0.6.49",
            "resolved": "https://registry.npmjs.org/node-forge/-/node-forge-0.6.49.tgz",
            "integrity": "sha1-8e6V1ddGI5OP4Z1piqWibVTS9g8="
        },
        "q": {
            "version": "1.5.1",
            "resolved": "https://registry.npmjs.org/q/-/q-1.5.1.tgz",
            "integrity": "sha1-fjL3W0E4EpHQRhHxvxQQmsAGUdc="
        }
    }
}
